
Microsoft Visual Studio Solution File, Format Version 12.00
# Visual Studio Version 17
VisualStudioVersion = 17.0.31903.59
MinimumVisualStudioVersion = 10.0.40219.1
Project("{2150E333-8FDC-42A3-9474-1A3956D46DE8}") = "src", "src", "{2FEF6C32-E80A-42C0-84BF-E51021A6F2D5}"
EndProject
Project("{FAE04EC0-301F-11D3-BF4B-00C04F79EFBC}") = "Emata.Exercises.LoanManagement.API", "src\Emata.Exercises.LoanManagement.API\Emata.Exercises.LoanManagement.API.csproj", "{D05BD207-C0AC-4EEF-90E5-50E135B40B5A}"
EndProject
Project("{FAE04EC0-301F-11D3-BF4B-00C04F79EFBC}") = "Emata.Exercises.LoanManagement.Notifications", "src\Emata.Exercises.LoanManagement.Notifications\Emata.Exercises.LoanManagement.Notifications.csproj", "{E0748D06-A246-4129-8E81-0CE98FFB9104}"
EndProject
Project("{2150E333-8FDC-42A3-9474-1A3956D46DE8}") = "tests", "tests", "{DA6ED7E3-7779-4E2A-81EF-90EF5B81FD17}"
EndProject
Project("{FAE04EC0-301F-11D3-BF4B-00C04F79EFBC}") = "Emata.Exercises.LoanManagement.IntegrationTests", "tests\Emata.Exercises.LoanManagement.IntegrationTests\Emata.Exercises.LoanManagement.IntegrationTests.csproj", "{C5AA942B-19B4-454E-8C44-5420F9BEAE93}"
EndProject
Global
	GlobalSection(SolutionConfigurationPlatforms) = preSolution
		Debug|Any CPU = Debug|Any CPU
		Release|Any CPU = Release|Any CPU
	EndGlobalSection
	GlobalSection(SolutionProperties) = preSolution
		HideSolutionNode = FALSE
	EndGlobalSection
	GlobalSection(ProjectConfigurationPlatforms) = postSolution
		{D05BD207-C0AC-4EEF-90E5-50E135B40B5A}.Debug|Any CPU.ActiveCfg = Debug|Any CPU
		{D05BD207-C0AC-4EEF-90E5-50E135B40B5A}.Debug|Any CPU.Build.0 = Debug|Any CPU
		{D05BD207-C0AC-4EEF-90E5-50E135B40B5A}.Release|Any CPU.ActiveCfg = Release|Any CPU
		{D05BD207-C0AC-4EEF-90E5-50E135B40B5A}.Release|Any CPU.Build.0 = Release|Any CPU
		{E0748D06-A246-4129-8E81-0CE98FFB9104}.Debug|Any CPU.ActiveCfg = Debug|Any CPU
		{E0748D06-A246-4129-8E81-0CE98FFB9104}.Debug|Any CPU.Build.0 = Debug|Any CPU
		{E0748D06-A246-4129-8E81-0CE98FFB9104}.Release|Any CPU.ActiveCfg = Release|Any CPU
		{E0748D06-A246-4129-8E81-0CE98FFB9104}.Release|Any CPU.Build.0 = Release|Any CPU
		{C5AA942B-19B4-454E-8C44-5420F9BEAE93}.Debug|Any CPU.ActiveCfg = Debug|Any CPU
		{C5AA942B-19B4-454E-8C44-5420F9BEAE93}.Debug|Any CPU.Build.0 = Debug|Any CPU
		{C5AA942B-19B4-454E-8C44-5420F9BEAE93}.Release|Any CPU.ActiveCfg = Release|Any CPU
		{C5AA942B-19B4-454E-8C44-5420F9BEAE93}.Release|Any CPU.Build.0 = Release|Any CPU
	EndGlobalSection
	GlobalSection(NestedProjects) = preSolution
		{D05BD207-C0AC-4EEF-90E5-50E135B40B5A} = {2FEF6C32-E80A-42C0-84BF-E51021A6F2D5}
		{E0748D06-A246-4129-8E81-0CE98FFB9104} = {2FEF6C32-E80A-42C0-84BF-E51021A6F2D5}
		{C5AA942B-19B4-454E-8C44-5420F9BEAE93} = {DA6ED7E3-7779-4E2A-81EF-90EF5B81FD17}
	EndGlobalSection
EndGlobal
